
Microsoft Visual Studio Solution File, Format Version 12.00
# Visual Studio Version 16
VisualStudioVersion = 16.0.30523.141
MinimumVisualStudioVersion = 10.0.40219.1
Project("{FAE04EC0-301F-11D3-BF4B-00C04F79EFBC}") = "Blazeroids.Core", "Blazeroids.Core\Blazeroids.Core.csproj", "{FA6F8E0C-BDAC-43F1-89FD-728EEDE7B083}"
EndProject
Project("{FAE04EC0-301F-11D3-BF4B-00C04F79EFBC}") = "Blazeroids.Web", "Blazeroids.Web\Blazeroids.Web.csproj", "{E87C7C9B-F29F-4BF1-9ABF-E4560EF33B77}"
EndProject
Global
	GlobalSection(SolutionConfigurationPlatforms) = preSolution
		Debug|Any CPU = Debug|Any CPU
		Release|Any CPU = Release|Any CPU
	EndGlobalSection
	GlobalSection(ProjectConfigurationPlatforms) = postSolution
		{FA6F8E0C-BDAC-43F1-89FD-728EEDE7B083}.Debug|Any CPU.ActiveCfg = Debug|Any CPU
		{FA6F8E0C-BDAC-43F1-89FD-728EEDE7B083}.Debug|Any CPU.Build.0 = Debug|Any CPU
		{FA6F8E0C-BDAC-43F1-89FD-728EEDE7B083}.Release|Any CPU.ActiveCfg = Release|Any CPU
		{FA6F8E0C-BDAC-43F1-89FD-728EEDE7B083}.Release|Any CPU.Build.0 = Release|Any CPU
		{E87C7C9B-F29F-4BF1-9ABF-E4560EF33B77}.Debug|Any CPU.ActiveCfg = Debug|Any CPU
		{E87C7C9B-F29F-4BF1-9ABF-E4560EF33B77}.Debug|Any CPU.Build.0 = Debug|Any CPU
		{E87C7C9B-F29F-4BF1-9ABF-E4560EF33B77}.Release|Any CPU.ActiveCfg = Release|Any CPU
		{E87C7C9B-F29F-4BF1-9ABF-E4560EF33B77}.Release|Any CPU.Build.0 = Release|Any CPU
	EndGlobalSection
	GlobalSection(SolutionProperties) = preSolution
		HideSolutionNode = FALSE
	EndGlobalSection
	GlobalSection(ExtensibilityGlobals) = postSolution
		SolutionGuid = {D6440E60-B44B-40A1-A676-8C8FA4C3DB5E}
	EndGlobalSection
EndGlobal
