
Microsoft Visual Studio Solution File, Format Version 12.00
# Visual Studio Version 17
VisualStudioVersion = 17.3.32901.215
MinimumVisualStudioVersion = 10.0.40219.1
Project("{9A19103F-16F7-4668-BE54-9A1E7A4F7556}") = "Blazeroids.Core", "Blazeroids.Core\Blazeroids.Core.csproj", "{FA6F8E0C-BDAC-43F1-89FD-728EEDE7B083}"
EndProject
Project("{9A19103F-16F7-4668-BE54-9A1E7A4F7556}") = "Blazeroids.Web", "Blazeroids.Web\Blazeroids.Web.csproj", "{E87C7C9B-F29F-4BF1-9ABF-E4560EF33B77}"
EndProject
Project("{9A19103F-16F7-4668-BE54-9A1E7A4F7556}") = "Blazorex", "..\..\blazorex\src\Blazorex\Blazorex.csproj", "{FBDC15C4-5300-4DD8-974F-64A7AD05B89A}"
EndProject
Global
	GlobalSection(SolutionConfigurationPlatforms) = preSolution
		Debug|Any CPU = Debug|Any CPU
		Release|Any CPU = Release|Any CPU
	EndGlobalSection
	GlobalSection(ProjectConfigurationPlatforms) = postSolution
		{FA6F8E0C-BDAC-43F1-89FD-728EEDE7B083}.Debug|Any CPU.ActiveCfg = Debug|Any CPU
		{FA6F8E0C-BDAC-43F1-89FD-728EEDE7B083}.Debug|Any CPU.Build.0 = Debug|Any CPU
		{FA6F8E0C-BDAC-43F1-89FD-728EEDE7B083}.Release|Any CPU.ActiveCfg = Release|Any CPU
		{FA6F8E0C-BDAC-43F1-89FD-728EEDE7B083}.Release|Any CPU.Build.0 = Release|Any CPU
		{E87C7C9B-F29F-4BF1-9ABF-E4560EF33B77}.Debug|Any CPU.ActiveCfg = Debug|Any CPU
		{E87C7C9B-F29F-4BF1-9ABF-E4560EF33B77}.Debug|Any CPU.Build.0 = Debug|Any CPU
		{E87C7C9B-F29F-4BF1-9ABF-E4560EF33B77}.Release|Any CPU.ActiveCfg = Release|Any CPU
		{E87C7C9B-F29F-4BF1-9ABF-E4560EF33B77}.Release|Any CPU.Build.0 = Release|Any CPU
		{FBDC15C4-5300-4DD8-974F-64A7AD05B89A}.Debug|Any CPU.ActiveCfg = Debug|Any CPU
		{FBDC15C4-5300-4DD8-974F-64A7AD05B89A}.Debug|Any CPU.Build.0 = Debug|Any CPU
		{FBDC15C4-5300-4DD8-974F-64A7AD05B89A}.Release|Any CPU.ActiveCfg = Release|Any CPU
		{FBDC15C4-5300-4DD8-974F-64A7AD05B89A}.Release|Any CPU.Build.0 = Release|Any CPU
	EndGlobalSection
	GlobalSection(SolutionProperties) = preSolution
		HideSolutionNode = FALSE
	EndGlobalSection
	GlobalSection(ExtensibilityGlobals) = postSolution
		SolutionGuid = {D6440E60-B44B-40A1-A676-8C8FA4C3DB5E}
	EndGlobalSection
EndGlobal
